github.com/buger/jsonparser v0.0.0-20191004114745-ee4c978eae7e h1:oJCXMss/3rg5F6Poy9wG3JQusc58Mzk5B9Z6wSnssNE=
github.com/buger/jsonparser v0.0.0-20191004114745-ee4c978eae7e/go.mod h1:errmMKH8tTB49UR2A8C8DPYkyudelsYJwJFaZHQ6ik8=
github.com/pkg/errors v0.8.1 h1:iURUrRGxPUNPdy5/HRSm+Yj6okJ6UtLINN0Q9M4+h3I=
github.com/pkg/errors v0.8.1/go.mod h1:bwawxfHBFNV+L2hUp1rHADufV3IMtnDRdf1r5NINEl0=
